// !$*UTF8*$!
{
	archiveVersion = 1;
	classes = {
	};
	objectVersion = 50;
	objects = {

/* Begin PBXBuildFile section */
		C24A5803246862FA00D1FA7F /* BreedTableViewCell.swift in Sources */ = {isa = PBXBuildFile; fileRef = C24A5801246862FA00D1FA7F /* BreedTableViewCell.swift */; };
		C24A5804246862FA00D1FA7F /* BreedTableViewCell.xib in Resources */ = {isa = PBXBuildFile; fileRef = C24A5802246862FA00D1FA7F /* BreedTableViewCell.xib */; };
		C24A580624686C0900D1FA7F /* BreedDescriptionViewController.swift in Sources */ = {isa = PBXBuildFile; fileRef = C24A580524686C0900D1FA7F /* BreedDescriptionViewController.swift */; };
		C266AA992489B6070025B191 /* NewBreedTableViewCell.swift in Sources */ = {isa = PBXBuildFile; fileRef = C266AA972489B6070025B191 /* NewBreedTableViewCell.swift */; };
		C266AA9A2489B6070025B191 /* NewBreedTableViewCell.xib in Resources */ = {isa = PBXBuildFile; fileRef = C266AA982489B6070025B191 /* NewBreedTableViewCell.xib */; };
		C28902FB244C7E57000EAD39 /* CatManager.swift in Sources */ = {isa = PBXBuildFile; fileRef = C28902FA244C7E57000EAD39 /* CatManager.swift */; };
		C2A95A5E245AE06C00B6A811 /* FinalScoreView.swift in Sources */ = {isa = PBXBuildFile; fileRef = C2A95A5D245AE06C00B6A811 /* FinalScoreView.swift */; };
		C2CEF2DA244B6E810098001D /* CatBreed.swift in Sources */ = {isa = PBXBuildFile; fileRef = C2CEF2D9244B6E810098001D /* CatBreed.swift */; };
		C2CEF2DC244B6EFA0098001D /* QuizViewController.swift in Sources */ = {isa = PBXBuildFile; fileRef = C2CEF2DB244B6EFA0098001D /* QuizViewController.swift */; };
		C2CEF2DE244B6F2C0098001D /* BreedListViewController.swift in Sources */ = {isa = PBXBuildFile; fileRef = C2CEF2DD244B6F2C0098001D /* BreedListViewController.swift */; };
		C2E83059244B074F009C3035 /* AppDelegate.swift in Sources */ = {isa = PBXBuildFile; fileRef = C2E83058244B074F009C3035 /* AppDelegate.swift */; };
		C2E8305B244B074F009C3035 /* SceneDelegate.swift in Sources */ = {isa = PBXBuildFile; fileRef = C2E8305A244B074F009C3035 /* SceneDelegate.swift */; };
		C2E8305D244B074F009C3035 /* HomeViewController.swift in Sources */ = {isa = PBXBuildFile; fileRef = C2E8305C244B074F009C3035 /* HomeViewController.swift */; };
		C2E83060244B074F009C3035 /* Main.storyboard in Resources */ = {isa = PBXBuildFile; fileRef = C2E8305E244B074F009C3035 /* Main.storyboard */; };
		C2E83062244B0750009C3035 /* Assets.xcassets in Resources */ = {isa = PBXBuildFile; fileRef = C2E83061244B0750009C3035 /* Assets.xcassets */; };
		C2E83065244B0750009C3035 /* LaunchScreen.storyboard in Resources */ = {isa = PBXBuildFile; fileRef = C2E83063244B0750009C3035 /* LaunchScreen.storyboard */; };
		C2E83071244B11DD009C3035 /* Constans.swift in Sources */ = {isa = PBXBuildFile; fileRef = C2E83070244B11DD009C3035 /* Constans.swift */; };
		C2E83073244B2F83009C3035 /* RulesViewController.swift in Sources */ = {isa = PBXBuildFile; fileRef = C2E83072244B2F83009C3035 /* RulesViewController.swift */; };
/* End PBXBuildFile section */

/* Begin PBXFileReference section */
		C24A5801246862FA00D1FA7F /* BreedTableViewCell.swift */ = {isa = PBXFileReference; lastKnownFileType = sourcecode.swift; path = BreedTableViewCell.swift; sourceTree = "<group>"; };
		C24A5802246862FA00D1FA7F /* BreedTableViewCell.xib */ = {isa = PBXFileReference; lastKnownFileType = file.xib; path = BreedTableViewCell.xib; sourceTree = "<group>"; };
		C24A580524686C0900D1FA7F /* BreedDescriptionViewController.swift */ = {isa = PBXFileReference; lastKnownFileType = sourcecode.swift; path = BreedDescriptionViewController.swift; sourceTree = "<group>"; };
		C266AA972489B6070025B191 /* NewBreedTableViewCell.swift */ = {isa = PBXFileReference; lastKnownFileType = sourcecode.swift; path = NewBreedTableViewCell.swift; sourceTree = "<group>"; };
		C266AA982489B6070025B191 /* NewBreedTableViewCell.xib */ = {isa = PBXFileReference; lastKnownFileType = file.xib; path = NewBreedTableViewCell.xib; sourceTree = "<group>"; };
		C28902FA244C7E57000EAD39 /* CatManager.swift */ = {isa = PBXFileReference; lastKnownFileType = sourcecode.swift; path = CatManager.swift; sourceTree = "<group>"; };
		C2A95A5D245AE06C00B6A811 /* FinalScoreView.swift */ = {isa = PBXFileReference; lastKnownFileType = sourcecode.swift; path = FinalScoreView.swift; sourceTree = "<group>"; };
		C2CEF2D9244B6E810098001D /* CatBreed.swift */ = {isa = PBXFileReference; lastKnownFileType = sourcecode.swift; path = CatBreed.swift; sourceTree = "<group>"; };
		C2CEF2DB244B6EFA0098001D /* QuizViewController.swift */ = {isa = PBXFileReference; lastKnownFileType = sourcecode.swift; path = QuizViewController.swift; sourceTree = "<group>"; };
		C2CEF2DD244B6F2C0098001D /* BreedListViewController.swift */ = {isa = PBXFileReference; lastKnownFileType = sourcecode.swift; path = BreedListViewController.swift; sourceTree = "<group>"; };
		C2E83055244B074F009C3035 /* Cat at App.app */ = {isa = PBXFileReference; explicitFileType = wrapper.application; includeInIndex = 0; path = "Cat at App.app"; sourceTree = BUILT_PRODUCTS_DIR; };
		C2E83058244B074F009C3035 /* AppDelegate.swift */ = {isa = PBXFileReference; lastKnownFileType = sourcecode.swift; path = AppDelegate.swift; sourceTree = "<group>"; };
		C2E8305A244B074F009C3035 /* SceneDelegate.swift */ = {isa = PBXFileReference; lastKnownFileType = sourcecode.swift; path = SceneDelegate.swift; sourceTree = "<group>"; };
		C2E8305C244B074F009C3035 /* HomeViewController.swift */ = {isa = PBXFileReference; lastKnownFileType = sourcecode.swift; path = HomeViewController.swift; sourceTree = "<group>"; };
		C2E8305F244B074F009C3035 /* Base */ = {isa = PBXFileReference; lastKnownFileType = file.storyboard; name = Base; path = Base.lproj/Main.storyboard; sourceTree = "<group>"; };
		C2E83061244B0750009C3035 /* Assets.xcassets */ = {isa = PBXFileReference; lastKnownFileType = folder.assetcatalog; path = Assets.xcassets; sourceTree = "<group>"; };
		C2E83064244B0750009C3035 /* Base */ = {isa = PBXFileReference; lastKnownFileType = file.storyboard; name = Base; path = Base.lproj/LaunchScreen.storyboard; sourceTree = "<group>"; };
		C2E83066244B0750009C3035 /* Info.plist */ = {isa = PBXFileReference; lastKnownFileType = text.plist.xml; path = Info.plist; sourceTree = "<group>"; };
		C2E83070244B11DD009C3035 /* Constans.swift */ = {isa = PBXFileReference; lastKnownFileType = sourcecode.swift; path = Constans.swift; sourceTree = "<group>"; };
		C2E83072244B2F83009C3035 /* RulesViewController.swift */ = {isa = PBXFileReference; lastKnownFileType = sourcecode.swift; path = RulesViewController.swift; sourceTree = "<group>"; };
/* End PBXFileReference section */

/* Begin PBXFrameworksBuildPhase section */
		C2E83052244B074F009C3035 /* Frameworks */ = {
			isa = PBXFrameworksBuildPhase;
			buildActionMask = 2147483647;
			files = (
			);
			runOnlyForDeploymentPostprocessing = 0;
		};
/* End PBXFrameworksBuildPhase section */

/* Begin PBXGroup section */
		C24A57FF24684EDD00D1FA7F /* Breed List */ = {
			isa = PBXGroup;
			children = (
				C2CEF2DD244B6F2C0098001D /* BreedListViewController.swift */,
				C24A580524686C0900D1FA7F /* BreedDescriptionViewController.swift */,
			);
			path = "Breed List";
			sourceTree = "<group>";
		};
		C24A5800246862CD00D1FA7F /* BreedCell */ = {
			isa = PBXGroup;
			children = (
				C266AA972489B6070025B191 /* NewBreedTableViewCell.swift */,
				C266AA982489B6070025B191 /* NewBreedTableViewCell.xib */,
				C24A5801246862FA00D1FA7F /* BreedTableViewCell.swift */,
				C24A5802246862FA00D1FA7F /* BreedTableViewCell.xib */,
			);
			path = BreedCell;
			sourceTree = "<group>";
		};
		C2941643245F1874006ABF9B /* QuizGameVСs */ = {
			isa = PBXGroup;
			children = (
				C2E83072244B2F83009C3035 /* RulesViewController.swift */,
				C2CEF2DB244B6EFA0098001D /* QuizViewController.swift */,
				C2A95A5D245AE06C00B6A811 /* FinalScoreView.swift */,
			);
			path = "QuizGameVСs";
			sourceTree = "<group>";
		};
		C2E8304C244B074F009C3035 = {
			isa = PBXGroup;
			children = (
				C2E83057244B074F009C3035 /* Cat at App */,
				C2E83056244B074F009C3035 /* Products */,
			);
			sourceTree = "<group>";
		};
		C2E83056244B074F009C3035 /* Products */ = {
			isa = PBXGroup;
			children = (
				C2E83055244B074F009C3035 /* Cat at App.app */,
			);
			name = Products;
			sourceTree = "<group>";
		};
		C2E83057244B074F009C3035 /* Cat at App */ = {
			isa = PBXGroup;
			children = (
				C2E8306C244B077B009C3035 /* Module */,
				C2E8306E244B078A009C3035 /* Controller */,
				C2E8306F244B079E009C3035 /* Support Files */,
				C2E8306D244B0780009C3035 /* View */,
				C2E83061244B0750009C3035 /* Assets.xcassets */,
				C2E83066244B0750009C3035 /* Info.plist */,
			);
			path = "Cat at App";
			sourceTree = "<group>";
		};
		C2E8306C244B077B009C3035 /* Module */ = {
			isa = PBXGroup;
			children = (
				C2CEF2D9244B6E810098001D /* CatBreed.swift */,
				C28902FA244C7E57000EAD39 /* CatManager.swift */,
			);
			path = Module;
			sourceTree = "<group>";
		};
		C2E8306D244B0780009C3035 /* View */ = {
			isa = PBXGroup;
			children = (
				C24A5800246862CD00D1FA7F /* BreedCell */,
				C2E8305E244B074F009C3035 /* Main.storyboard */,
				C2E83063244B0750009C3035 /* LaunchScreen.storyboard */,
			);
			path = View;
			sourceTree = "<group>";
		};
		C2E8306E244B078A009C3035 /* Controller */ = {
			isa = PBXGroup;
			children = (
				C2E8305C244B074F009C3035 /* HomeViewController.swift */,
				C24A57FF24684EDD00D1FA7F /* Breed List */,
				C2941643245F1874006ABF9B /* QuizGameVСs */,
			);
			path = Controller;
			sourceTree = "<group>";
		};
		C2E8306F244B079E009C3035 /* Support Files */ = {
			isa = PBXGroup;
			children = (
				C2E83070244B11DD009C3035 /* Constans.swift */,
				C2E83058244B074F009C3035 /* AppDelegate.swift */,
				C2E8305A244B074F009C3035 /* SceneDelegate.swift */,
			);
			path = "Support Files";
			sourceTree = "<group>";
		};
/* End PBXGroup section */

/* Begin PBXNativeTarget section */
		C2E83054244B074F009C3035 /* Cat at App */ = {
			isa = PBXNativeTarget;
			buildConfigurationList = C2E83069244B0750009C3035 /* Build configuration list for PBXNativeTarget "Cat at App" */;
			buildPhases = (
				C2E83051244B074F009C3035 /* Sources */,
				C2E83052244B074F009C3035 /* Frameworks */,
				C2E83053244B074F009C3035 /* Resources */,
			);
			buildRules = (
			);
			dependencies = (
			);
			name = "Cat at App";
			productName = "Cat at App";
			productReference = C2E83055244B074F009C3035 /* Cat at App.app */;
			productType = "com.apple.product-type.application";
		};
/* End PBXNativeTarget section */

/* Begin PBXProject section */
		C2E8304D244B074F009C3035 /* Project object */ = {
			isa = PBXProject;
			attributes = {
				LastSwiftUpdateCheck = 1140;
				LastUpgradeCheck = 1140;
				ORGANIZATIONNAME = "Bohdan Tkachuk";
				TargetAttributes = {
					C2E83054244B074F009C3035 = {
						CreatedOnToolsVersion = 11.4;
					};
				};
			};
			buildConfigurationList = C2E83050244B074F009C3035 /* Build configuration list for PBXProject "Cat at App" */;
			compatibilityVersion = "Xcode 9.3";
			developmentRegion = en;
			hasScannedForEncodings = 0;
			knownRegions = (
				en,
				Base,
			);
			mainGroup = C2E8304C244B074F009C3035;
			productRefGroup = C2E83056244B074F009C3035 /* Products */;
			projectDirPath = "";
			projectRoot = "";
			targets = (
				C2E83054244B074F009C3035 /* Cat at App */,
			);
		};
/* End PBXProject section */

/* Begin PBXResourcesBuildPhase section */
		C2E83053244B074F009C3035 /* Resources */ = {
			isa = PBXResourcesBuildPhase;
			buildActionMask = 2147483647;
			files = (
				C24A5804246862FA00D1FA7F /* BreedTableViewCell.xib in Resources */,
				C266AA9A2489B6070025B191 /* NewBreedTableViewCell.xib in Resources */,
				C2E83065244B0750009C3035 /* LaunchScreen.storyboard in Resources */,
				C2E83062244B0750009C3035 /* Assets.xcassets in Resources */,
				C2E83060244B074F009C3035 /* Main.storyboard in Resources */,
			);
			runOnlyForDeploymentPostprocessing = 0;
		};
/* End PBXResourcesBuildPhase section */

/* Begin PBXSourcesBuildPhase section */
		C2E83051244B074F009C3035 /* Sources */ = {
			isa = PBXSourcesBuildPhase;
			buildActionMask = 2147483647;
			files = (
				C24A580624686C0900D1FA7F /* BreedDescriptionViewController.swift in Sources */,
				C2CEF2DE244B6F2C0098001D /* BreedListViewController.swift in Sources */,
				C266AA992489B6070025B191 /* NewBreedTableViewCell.swift in Sources */,
				C2E8305D244B074F009C3035 /* HomeViewController.swift in Sources */,
				C28902FB244C7E57000EAD39 /* CatManager.swift in Sources */,
				C2CEF2DA244B6E810098001D /* CatBreed.swift in Sources */,
				C2A95A5E245AE06C00B6A811 /* FinalScoreView.swift in Sources */,
				C2E83059244B074F009C3035 /* AppDelegate.swift in Sources */,
				C2E83071244B11DD009C3035 /* Constans.swift in Sources */,
				C2E8305B244B074F009C3035 /* SceneDelegate.swift in Sources */,
				C2CEF2DC244B6EFA0098001D /* QuizViewController.swift in Sources */,
				C2E83073244B2F83009C3035 /* RulesViewController.swift in Sources */,
				C24A5803246862FA00D1FA7F /* BreedTableViewCell.swift in Sources */,
			);
			runOnlyForDeploymentPostprocessing = 0;
		};
/* End PBXSourcesBuildPhase section */

/* Begin PBXVariantGroup section */
		C2E8305E244B074F009C3035 /* Main.storyboard */ = {
			isa = PBXVariantGroup;
			children = (
				C2E8305F244B074F009C3035 /* Base */,
			);
			name = Main.storyboard;
			sourceTree = "<group>";
		};
		C2E83063244B0750009C3035 /* LaunchScreen.storyboard */ = {
			isa = PBXVariantGroup;
			children = (
				C2E83064244B0750009C3035 /* Base */,
			);
			name = LaunchScreen.storyboard;
			sourceTree = "<group>";
		};
/* End PBXVariantGroup section */

/* Begin XCBuildConfiguration section */
		C2E83067244B0750009C3035 /* Debug */ = {
			isa = XCBuildConfiguration;
			buildSettings = {
				ALWAYS_SEARCH_USER_PATHS = NO;
				CLANG_ANALYZER_NONNULL = YES;
				CLANG_ANALYZER_NUMBER_OBJECT_CONVERSION = YES_AGGRESSIVE;
				CLANG_CXX_LANGUAGE_STANDARD = "gnu++14";
				CLANG_CXX_LIBRARY = "libc++";
				CLANG_ENABLE_MODULES = YES;
				CLANG_ENABLE_OBJC_ARC = YES;
				CLANG_ENABLE_OBJC_WEAK = YES;
				CLANG_WARN_BLOCK_CAPTURE_AUTORELEASING = YES;
				CLANG_WARN_BOOL_CONVERSION = YES;
				CLANG_WARN_COMMA = YES;
				CLANG_WARN_CONSTANT_CONVERSION = YES;
				CLANG_WARN_DEPRECATED_OBJC_IMPLEMENTATIONS = YES;
				CLANG_WARN_DIRECT_OBJC_ISA_USAGE = YES_ERROR;
				CLANG_WARN_DOCUMENTATION_COMMENTS = YES;
				CLANG_WARN_EMPTY_BODY = YES;
				CLANG_WARN_ENUM_CONVERSION = YES;
				CLANG_WARN_INFINITE_RECURSION = YES;
				CLANG_WARN_INT_CONVERSION = YES;
				CLANG_WARN_NON_LITERAL_NULL_CONVERSION = YES;
				CLANG_WARN_OBJC_IMPLICIT_RETAIN_SELF = YES;
				CLANG_WARN_OBJC_LITERAL_CONVERSION = YES;
				CLANG_WARN_OBJC_ROOT_CLASS = YES_ERROR;
				CLANG_WARN_RANGE_LOOP_ANALYSIS = YES;
				CLANG_WARN_STRICT_PROTOTYPES = YES;
				CLANG_WARN_SUSPICIOUS_MOVE = YES;
				CLANG_WARN_UNGUARDED_AVAILABILITY = YES_AGGRESSIVE;
				CLANG_WARN_UNREACHABLE_CODE = YES;
				CLANG_WARN__DUPLICATE_METHOD_MATCH = YES;
				COPY_PHASE_STRIP = NO;
				DEBUG_INFORMATION_FORMAT = dwarf;
				ENABLE_STRICT_OBJC_MSGSEND = YES;
				ENABLE_TESTABILITY = YES;
				GCC_C_LANGUAGE_STANDARD = gnu11;
				GCC_DYNAMIC_NO_PIC = NO;
				GCC_NO_COMMON_BLOCKS = YES;
				GCC_OPTIMIZATION_LEVEL = 0;
				GCC_PREPROCESSOR_DEFINITIONS = (
					"DEBUG=1",
					"$(inherited)",
				);
				GCC_WARN_64_TO_32_BIT_CONVERSION = YES;
				GCC_WARN_ABOUT_RETURN_TYPE = YES_ERROR;
				GCC_WARN_UNDECLARED_SELECTOR = YES;
				GCC_WARN_UNINITIALIZED_AUTOS = YES_AGGRESSIVE;
				GCC_WARN_UNUSED_FUNCTION = YES;
				GCC_WARN_UNUSED_VARIABLE = YES;
				IPHONEOS_DEPLOYMENT_TARGET = 13.4;
				MTL_ENABLE_DEBUG_INFO = INCLUDE_SOURCE;
				MTL_FAST_MATH = YES;
				ONLY_ACTIVE_ARCH = YES;
				SDKROOT = iphoneos;
				SWIFT_ACTIVE_COMPILATION_CONDITIONS = DEBUG;
				SWIFT_OPTIMIZATION_LEVEL = "-Onone";
			};
			name = Debug;
		};
		C2E83068244B0750009C3035 /* Release */ = {
			isa = XCBuildConfiguration;
			buildSettings = {
				ALWAYS_SEARCH_USER_PATHS = NO;
				CLANG_ANALYZER_NONNULL = YES;
				CLANG_ANALYZER_NUMBER_OBJECT_CONVERSION = YES_AGGRESSIVE;
				CLANG_CXX_LANGUAGE_STANDARD = "gnu++14";
				CLANG_CXX_LIBRARY = "libc++";
				CLANG_ENABLE_MODULES = YES;
				CLANG_ENABLE_OBJC_ARC = YES;
				CLANG_ENABLE_OBJC_WEAK = YES;
				CLANG_WARN_BLOCK_CAPTURE_AUTORELEASING = YES;
				CLANG_WARN_BOOL_CONVERSION = YES;
				CLANG_WARN_COMMA = YES;
				CLANG_WARN_CONSTANT_CONVERSION = YES;
				CLANG_WARN_DEPRECATED_OBJC_IMPLEMENTATIONS = YES;
				CLANG_WARN_DIRECT_OBJC_ISA_USAGE = YES_ERROR;
				CLANG_WARN_DOCUMENTATION_COMMENTS = YES;
				CLANG_WARN_EMPTY_BODY = YES;
				CLANG_WARN_ENUM_CONVERSION = YES;
				CLANG_WARN_INFINITE_RECURSION = YES;
				CLANG_WARN_INT_CONVERSION = YES;
				CLANG_WARN_NON_LITERAL_NULL_CONVERSION = YES;
				CLANG_WARN_OBJC_IMPLICIT_RETAIN_SELF = YES;
				CLANG_WARN_OBJC_LITERAL_CONVERSION = YES;
				CLANG_WARN_OBJC_ROOT_CLASS = YES_ERROR;
				CLANG_WARN_RANGE_LOOP_ANALYSIS = YES;
				CLANG_WARN_STRICT_PROTOTYPES = YES;
				CLANG_WARN_SUSPICIOUS_MOVE = YES;
				CLANG_WARN_UNGUARDED_AVAILABILITY = YES_AGGRESSIVE;
				CLANG_WARN_UNREACHABLE_CODE = YES;
				CLANG_WARN__DUPLICATE_METHOD_MATCH = YES;
				COPY_PHASE_STRIP = NO;
				DEBUG_INFORMATION_FORMAT = "dwarf-with-dsym";
				ENABLE_NS_ASSERTIONS = NO;
				ENABLE_STRICT_OBJC_MSGSEND = YES;
				GCC_C_LANGUAGE_STANDARD = gnu11;
				GCC_NO_COMMON_BLOCKS = YES;
				GCC_WARN_64_TO_32_BIT_CONVERSION = YES;
				GCC_WARN_ABOUT_RETURN_TYPE = YES_ERROR;
				GCC_WARN_UNDECLARED_SELECTOR = YES;
				GCC_WARN_UNINITIALIZED_AUTOS = YES_AGGRESSIVE;
				GCC_WARN_UNUSED_FUNCTION = YES;
				GCC_WARN_UNUSED_VARIABLE = YES;
				IPHONEOS_DEPLOYMENT_TARGET = 13.4;
				MTL_ENABLE_DEBUG_INFO = NO;
				MTL_FAST_MATH = YES;
				SDKROOT = iphoneos;
				SWIFT_COMPILATION_MODE = wholemodule;
				SWIFT_OPTIMIZATION_LEVEL = "-O";
				VALIDATE_PRODUCT = YES;
			};
			name = Release;
		};
		C2E8306A244B0750009C3035 /* Debug */ = {
			isa = XCBuildConfiguration;
			buildSettings = {
				ASSETCATALOG_COMPILER_APPICON_NAME = AppIcon;
				CODE_SIGN_STYLE = Automatic;
				CURRENT_PROJECT_VERSION = 4;
				DEVELOPMENT_TEAM = 9R45Q2DW4H;
				INFOPLIST_FILE = "Cat at App/Info.plist";
				IPHONEOS_DEPLOYMENT_TARGET = 13.0;
				LD_RUNPATH_SEARCH_PATHS = (
					"$(inherited)",
					"@executable_path/Frameworks",
				);
				PRODUCT_BUNDLE_IDENTIFIER = "prefect.Cat-at-App";
				PRODUCT_NAME = "$(TARGET_NAME)";
				SWIFT_VERSION = 5.0;
				TARGETED_DEVICE_FAMILY = "1,2";
			};
			name = Debug;
		};
		C2E8306B244B0750009C3035 /* Release */ = {
			isa = XCBuildConfiguration;
			buildSettings = {
				ASSETCATALOG_COMPILER_APPICON_NAME = AppIcon;
				CODE_SIGN_STYLE = Automatic;
				CURRENT_PROJECT_VERSION = 4;
				DEVELOPMENT_TEAM = 9R45Q2DW4H;
				INFOPLIST_FILE = "Cat at App/Info.plist";
				IPHONEOS_DEPLOYMENT_TARGET = 13.0;
				LD_RUNPATH_SEARCH_PATHS = (
					"$(inherited)",
					"@executable_path/Frameworks",
				);
				PRODUCT_BUNDLE_IDENTIFIER = "prefect.Cat-at-App";
				PRODUCT_NAME = "$(TARGET_NAME)";
				SWIFT_VERSION = 5.0;
				TARGETED_DEVICE_FAMILY = "1,2";
			};
			name = Release;
		};
/* End XCBuildConfiguration section */

/* Begin XCConfigurationList section */
		C2E83050244B074F009C3035 /* Build configuration list for PBXProject "Cat at App" */ = {
			isa = XCConfigurationList;
			buildConfigurations = (
				C2E83067244B0750009C3035 /* Debug */,
				C2E83068244B0750009C3035 /* Release */,
			);
			defaultConfigurationIsVisible = 0;
			defaultConfigurationName = Release;
		};
		C2E83069244B0750009C3035 /* Build configuration list for PBXNativeTarget "Cat at App" */ = {
			isa = XCConfigurationList;
			buildConfigurations = (
				C2E8306A244B0750009C3035 /* Debug */,
				C2E8306B244B0750009C3035 /* Release */,
			);
			defaultConfigurationIsVisible = 0;
			defaultConfigurationName = Release;
		};
/* End XCConfigurationList section */
	};
	rootObject = C2E8304D244B074F009C3035 /* Project object */;
}
